
Microsoft Visual Studio Solution File, Format Version 12.00
# Visual Studio Version 17
VisualStudioVersion = 17.4.33403.182
MinimumVisualStudioVersion = 10.0.40219.1
Project("{FAE04EC0-301F-11D3-BF4B-00C04F79EFBC}") = "nightClub.Web", "nightClub.Web\nightClub.Web.csproj", "{A38EAAD8-2FE8-4A43-BE45-116E5891AD50}"
EndProject
Project("{FAE04EC0-301F-11D3-BF4B-00C04F79EFBC}") = "nightClub.BusinessLogic", "nightClub.BusinessLogic\nightClub.BusinessLogic.csproj", "{A3DEC984-D526-471C-BDFD-59F83E15F25D}"
EndProject
Project("{FAE04EC0-301F-11D3-BF4B-00C04F79EFBC}") = "nightClub.Domain", "nightClub.Domain\nightClub.Domain.csproj", "{387CF90F-0670-48F9-8916-909EDD07CE13}"
EndProject
Project("{FAE04EC0-301F-11D3-BF4B-00C04F79EFBC}") = "nightClub.Helpers", "nightClub.Helpers\nightClub.Helpers.csproj", "{2BEC9135-DD92-4250-B2B6-73DA08E2FC0C}"
EndProject
Global
	GlobalSection(SolutionConfigurationPlatforms) = preSolution
		Debug|Any CPU = Debug|Any CPU
		Release|Any CPU = Release|Any CPU
	EndGlobalSection
	GlobalSection(ProjectConfigurationPlatforms) = postSolution
		{A38EAAD8-2FE8-4A43-BE45-116E5891AD50}.Debug|Any CPU.ActiveCfg = Debug|Any CPU
		{A38EAAD8-2FE8-4A43-BE45-116E5891AD50}.Debug|Any CPU.Build.0 = Debug|Any CPU
		{A38EAAD8-2FE8-4A43-BE45-116E5891AD50}.Release|Any CPU.ActiveCfg = Release|Any CPU
		{A38EAAD8-2FE8-4A43-BE45-116E5891AD50}.Release|Any CPU.Build.0 = Release|Any CPU
		{A3DEC984-D526-471C-BDFD-59F83E15F25D}.Debug|Any CPU.ActiveCfg = Debug|Any CPU
		{A3DEC984-D526-471C-BDFD-59F83E15F25D}.Debug|Any CPU.Build.0 = Debug|Any CPU
		{A3DEC984-D526-471C-BDFD-59F83E15F25D}.Release|Any CPU.ActiveCfg = Release|Any CPU
		{A3DEC984-D526-471C-BDFD-59F83E15F25D}.Release|Any CPU.Build.0 = Release|Any CPU
		{387CF90F-0670-48F9-8916-909EDD07CE13}.Debug|Any CPU.ActiveCfg = Debug|Any CPU
		{387CF90F-0670-48F9-8916-909EDD07CE13}.Debug|Any CPU.Build.0 = Debug|Any CPU
		{387CF90F-0670-48F9-8916-909EDD07CE13}.Release|Any CPU.ActiveCfg = Release|Any CPU
		{387CF90F-0670-48F9-8916-909EDD07CE13}.Release|Any CPU.Build.0 = Release|Any CPU
		{2BEC9135-DD92-4250-B2B6-73DA08E2FC0C}.Debug|Any CPU.ActiveCfg = Debug|Any CPU
		{2BEC9135-DD92-4250-B2B6-73DA08E2FC0C}.Debug|Any CPU.Build.0 = Debug|Any CPU
		{2BEC9135-DD92-4250-B2B6-73DA08E2FC0C}.Release|Any CPU.ActiveCfg = Release|Any CPU
		{2BEC9135-DD92-4250-B2B6-73DA08E2FC0C}.Release|Any CPU.Build.0 = Release|Any CPU
	EndGlobalSection
	GlobalSection(SolutionProperties) = preSolution
		HideSolutionNode = FALSE
	EndGlobalSection
	GlobalSection(ExtensibilityGlobals) = postSolution
		SolutionGuid = {27D3417C-4E43-48FF-A4BA-F2FB03C10C37}
	EndGlobalSection
EndGlobal
