
Microsoft Visual Studio Solution File, Format Version 12.00
# Visual Studio Version 17
VisualStudioVersion = 17.4.33213.308
MinimumVisualStudioVersion = 10.0.40219.1
Project("{FAE04EC0-301F-11D3-BF4B-00C04F79EFBC}") = "eUseControl.Web", "eUseControl.Web\eUseControl.Web.csproj", "{AC648211-2724-4C18-932B-0738D190A67A}"
EndProject
Global
	GlobalSection(SolutionConfigurationPlatforms) = preSolution
		Debug|Any CPU = Debug|Any CPU
		Release|Any CPU = Release|Any CPU
	EndGlobalSection
	GlobalSection(ProjectConfigurationPlatforms) = postSolution
		{AC648211-2724-4C18-932B-0738D190A67A}.Debug|Any CPU.ActiveCfg = Debug|Any CPU
		{AC648211-2724-4C18-932B-0738D190A67A}.Debug|Any CPU.Build.0 = Debug|Any CPU
		{AC648211-2724-4C18-932B-0738D190A67A}.Release|Any CPU.ActiveCfg = Release|Any CPU
		{AC648211-2724-4C18-932B-0738D190A67A}.Release|Any CPU.Build.0 = Release|Any CPU
	EndGlobalSection
	GlobalSection(SolutionProperties) = preSolution
		HideSolutionNode = FALSE
	EndGlobalSection
	GlobalSection(ExtensibilityGlobals) = postSolution
		SolutionGuid = {67D9F887-E12D-4C7C-B96D-4935523BDCA4}
	EndGlobalSection
EndGlobal
